
Microsoft Visual Studio Solution File, Format Version 12.00
# Visual Studio Version 17
VisualStudioVersion = 17.3.32901.215
MinimumVisualStudioVersion = 10.0.40219.1
Project("{FAE04EC0-301F-11D3-BF4B-00C04F79EFBC}") = "WinfromsLesson10", "WinfromsLesson10.csproj", "{254EB616-9F24-4214-8887-2FF1961CBF1E}"
EndProject
Global
	GlobalSection(SolutionConfigurationPlatforms) = preSolution
		Debug|Any CPU = Debug|Any CPU
		Release|Any CPU = Release|Any CPU
	EndGlobalSection
	GlobalSection(ProjectConfigurationPlatforms) = postSolution
		{254EB616-9F24-4214-8887-2FF1961CBF1E}.Debug|Any CPU.ActiveCfg = Debug|Any CPU
		{254EB616-9F24-4214-8887-2FF1961CBF1E}.Debug|Any CPU.Build.0 = Debug|Any CPU
		{254EB616-9F24-4214-8887-2FF1961CBF1E}.Release|Any CPU.ActiveCfg = Release|Any CPU
		{254EB616-9F24-4214-8887-2FF1961CBF1E}.Release|Any CPU.Build.0 = Release|Any CPU
	EndGlobalSection
	GlobalSection(SolutionProperties) = preSolution
		HideSolutionNode = FALSE
	EndGlobalSection
	GlobalSection(ExtensibilityGlobals) = postSolution
		SolutionGuid = {D75ED3DC-37F8-461E-87C6-CCE48B8E5763}
	EndGlobalSection
EndGlobal
